# This file was autogenerated by Stack.
# You should not edit this file by hand.
# For more information, please see the documentation at:
#   https://docs.haskellstack.org/en/stable/lock_files

packages:
- completed:
    hackage: papillon-0.1.1.0@sha256:86dde0dc74f5a6278eab2415fa7e4f942d9a19d0ad29da61e9b9fb5e96dba2b4,1315
    pantry-tree:
      size: 769
      sha256: c3382063619302737e4c08ed8aeb40ee18a6e7e3f43fbad96c2195dc145e3f5f
  original:
    hackage: papillon-0.1.1.0
snapshots:
- completed:
    size: 524786
    url: https://raw.githubusercontent.com/commercialhaskell/stackage-snapshots/master/lts/14/11.yaml
    sha256: 088bb91b545839510a41ae92fa5feb36779ef3529571a42bd12b9f51eb89ded3
  original: lts-14.11
