# This file was autogenerated by Stack.
# You should not edit this file by hand.
# For more information, please see the documentation at:
#   https://docs.haskellstack.org/en/stable/lock_files

packages: []
snapshots:
- completed:
    size: 408187
    url: https://raw.githubusercontent.com/commercialhaskell/stackage-snapshots/master/nightly/2019/10/27.yaml
    sha256: 50be646540c77d63b58f0f4aa669aa2d012c7ca87b4bda179943048ed53149a2
  original: nightly-2019-10-27
